// !$*UTF8*$!
{
	archiveVersion = 1;
	classes = {
	};
	objectVersion = 46;
	objects = {

/* Begin PBXBuildFile section */
		7223C78F1A12032500DEF780 /* resultViewController.m in Sources */ = {isa = PBXBuildFile; fileRef = 7223C78E1A12032500DEF780 /* resultViewController.m */; };
		72AD41B11A09FD2C00D2DF1D /* main.m in Sources */ = {isa = PBXBuildFile; fileRef = 72AD41B01A09FD2C00D2DF1D /* main.m */; };
		72AD41B41A09FD2C00D2DF1D /* AppDelegate.m in Sources */ = {isa = PBXBuildFile; fileRef = 72AD41B31A09FD2C00D2DF1D /* AppDelegate.m */; };
		72AD41B71A09FD2C00D2DF1D /* ViewController.m in Sources */ = {isa = PBXBuildFile; fileRef = 72AD41B61A09FD2C00D2DF1D /* ViewController.m */; };
		72AD41BA1A09FD2C00D2DF1D /* Main.storyboard in Resources */ = {isa = PBXBuildFile; fileRef = 72AD41B81A09FD2C00D2DF1D /* Main.storyboard */; };
		72AD41BC1A09FD2C00D2DF1D /* Images.xcassets in Resources */ = {isa = PBXBuildFile; fileRef = 72AD41BB1A09FD2C00D2DF1D /* Images.xcassets */; };
		72AD41BF1A09FD2C00D2DF1D /* LaunchScreen.xib in Resources */ = {isa = PBXBuildFile; fileRef = 72AD41BD1A09FD2C00D2DF1D /* LaunchScreen.xib */; };
		72AD41CB1A09FD2C00D2DF1D /* Appli_3Tests.m in Sources */ = {isa = PBXBuildFile; fileRef = 72AD41CA1A09FD2C00D2DF1D /* Appli_3Tests.m */; };
		72AD41D91A0A5E5100D2DF1D /* menuViewController.m in Sources */ = {isa = PBXBuildFile; fileRef = 72AD41D81A0A5E5100D2DF1D /* menuViewController.m */; };
		72AD42111A0B418400D2DF1D /* questionViewController.m in Sources */ = {isa = PBXBuildFile; fileRef = 72AD42101A0B418400D2DF1D /* questionViewController.m */; };
		72AD42141A0B449200D2DF1D /* noteViewController.m in Sources */ = {isa = PBXBuildFile; fileRef = 72AD42131A0B449200D2DF1D /* noteViewController.m */; };
		72AD42171A0B4C4B00D2DF1D /* note2ViewController.m in Sources */ = {isa = PBXBuildFile; fileRef = 72AD42161A0B4C4B00D2DF1D /* note2ViewController.m */; };
		72AD421A1A0B551700D2DF1D /* note3ViewController.m in Sources */ = {isa = PBXBuildFile; fileRef = 72AD42191A0B551700D2DF1D /* note3ViewController.m */; };
		72AD421D1A0BC1DA00D2DF1D /* answerViewController.m in Sources */ = {isa = PBXBuildFile; fileRef = 72AD421C1A0BC1DA00D2DF1D /* answerViewController.m */; };
		72B127FC1A3DE9BD00D5090F /* correct.png in Resources */ = {isa = PBXBuildFile; fileRef = 72B127FA1A3DE9BD00D5090F /* correct.png */; };
		72B127FD1A3DE9BD00D5090F /* incorrect.png in Resources */ = {isa = PBXBuildFile; fileRef = 72B127FB1A3DE9BD00D5090F /* incorrect.png */; };
		72B128011A3DED0000D5090F /* kokuban.JPG in Resources */ = {isa = PBXBuildFile; fileRef = 72B127FE1A3DED0000D5090F /* kokuban.JPG */; };
		72B128021A3DED0000D5090F /* categorychoise.png in Resources */ = {isa = PBXBuildFile; fileRef = 72B127FF1A3DED0000D5090F /* categorychoise.png */; };
		72B128031A3DED0000D5090F /* englishexercise.png in Resources */ = {isa = PBXBuildFile; fileRef = 72B128001A3DED0000D5090F /* englishexercise.png */; };
		72B128051A3DF33E00D5090F /* kokuban2.JPG in Resources */ = {isa = PBXBuildFile; fileRef = 72B128041A3DF33E00D5090F /* kokuban2.JPG */; };
		72B128071A3DFBD800D5090F /* TableViewCustomCell2.xib in Resources */ = {isa = PBXBuildFile; fileRef = 72B128061A3DFBD800D5090F /* TableViewCustomCell2.xib */; };
		72B1280A1A3DFC9500D5090F /* CustomTableViewCell2.m in Sources */ = {isa = PBXBuildFile; fileRef = 72B128091A3DFC9500D5090F /* CustomTableViewCell2.m */; };
		72B1280D1A3E03BC00D5090F /* TableViewCustomCell3.xib in Resources */ = {isa = PBXBuildFile; fileRef = 72B1280C1A3E03BC00D5090F /* TableViewCustomCell3.xib */; };
		72B128101A3E041900D5090F /* CustomTableViewCell3.m in Sources */ = {isa = PBXBuildFile; fileRef = 72B1280F1A3E041900D5090F /* CustomTableViewCell3.m */; };
		72B128121A3E133500D5090F /* queLabel.png in Resources */ = {isa = PBXBuildFile; fileRef = 72B128111A3E133500D5090F /* queLabel.png */; };
		72B128141A3E1E4B00D5090F /* quechoise.png in Resources */ = {isa = PBXBuildFile; fileRef = 72B128131A3E1E4B00D5090F /* quechoise.png */; };
		72B128251A3E37AC00D5090F /* 1correct.png in Resources */ = {isa = PBXBuildFile; fileRef = 72B1281A1A3E37AC00D5090F /* 1correct.png */; };
		72B128261A3E37AC00D5090F /* 2correct.png in Resources */ = {isa = PBXBuildFile; fileRef = 72B1281B1A3E37AC00D5090F /* 2correct.png */; };
		72B128271A3E37AC00D5090F /* 3correct.png in Resources */ = {isa = PBXBuildFile; fileRef = 72B1281C1A3E37AC00D5090F /* 3correct.png */; };
		72B128281A3E37AC00D5090F /* 4correct.png in Resources */ = {isa = PBXBuildFile; fileRef = 72B1281D1A3E37AC00D5090F /* 4correct.png */; };
		72B128291A3E37AC00D5090F /* 5correct.png in Resources */ = {isa = PBXBuildFile; fileRef = 72B1281E1A3E37AC00D5090F /* 5correct.png */; };
		72B1282A1A3E37AC00D5090F /* 6correct.png in Resources */ = {isa = PBXBuildFile; fileRef = 72B1281F1A3E37AC00D5090F /* 6correct.png */; };
		72B1282B1A3E37AC00D5090F /* 7correct.png in Resources */ = {isa = PBXBuildFile; fileRef = 72B128201A3E37AC00D5090F /* 7correct.png */; };
		72B1282C1A3E37AC00D5090F /* 8correct.png in Resources */ = {isa = PBXBuildFile; fileRef = 72B128211A3E37AC00D5090F /* 8correct.png */; };
		72B1282D1A3E37AC00D5090F /* 9correct.png in Resources */ = {isa = PBXBuildFile; fileRef = 72B128221A3E37AC00D5090F /* 9correct.png */; };
		72B128301A3E780100D5090F /* 0correct.png in Resources */ = {isa = PBXBuildFile; fileRef = 72B1282E1A3E780100D5090F /* 0correct.png */; };
		72B128311A3E780100D5090F /* 10correct.png in Resources */ = {isa = PBXBuildFile; fileRef = 72B1282F1A3E780100D5090F /* 10correct.png */; };
		72D33B821A39E47800654747 /* QuizList.plist in Resources */ = {isa = PBXBuildFile; fileRef = 72D33B811A39E47800654747 /* QuizList.plist */; };
		72D33B951A3A735400654747 /* TableViewCustomCell.xib in Resources */ = {isa = PBXBuildFile; fileRef = 72D33B941A3A735400654747 /* TableViewCustomCell.xib */; };
		72D33B991A3A742F00654747 /* CustomTableViewCell.m in Sources */ = {isa = PBXBuildFile; fileRef = 72D33B981A3A742F00654747 /* CustomTableViewCell.m */; };
		72D33B9D1A3ABECE00654747 /* Info.plist in Resources */ = {isa = PBXBuildFile; fileRef = 72D33B9C1A3ABECE00654747 /* Info.plist */; };
		72D33BA51A3C64B500654747 /* Antonym.png in Resources */ = {isa = PBXBuildFile; fileRef = 72D33BA11A3C64B500654747 /* Antonym.png */; };
		72D33BA61A3C64B500654747 /* PhrasalVerb.png in Resources */ = {isa = PBXBuildFile; fileRef = 72D33BA21A3C64B500654747 /* PhrasalVerb.png */; };
		72D33BA71A3C64B500654747 /* Synonym.png in Resources */ = {isa = PBXBuildFile; fileRef = 72D33BA31A3C64B500654747 /* Synonym.png */; };
		72D33BA81A3C64B500654747 /* TwoMeaning.png in Resources */ = {isa = PBXBuildFile; fileRef = 72D33BA41A3C64B500654747 /* TwoMeaning.png */; };
		72D33BAE1A3D992400654747 /* startBtn.png in Resources */ = {isa = PBXBuildFile; fileRef = 72D33BAD1A3D992400654747 /* startBtn.png */; };
		72D33BB21A3D9B4F00654747 /* wordnoteBtn.png in Resources */ = {isa = PBXBuildFile; fileRef = 72D33BB11A3D9B4F00654747 /* wordnoteBtn.png */; };
		72D33BBA1A3DA4EA00654747 /* menubackBtn.png in Resources */ = {isa = PBXBuildFile; fileRef = 72D33BB41A3DA4EA00654747 /* menubackBtn.png */; };
		72D33BBB1A3DA4EA00654747 /* nextpageBtn.png in Resources */ = {isa = PBXBuildFile; fileRef = 72D33BB51A3DA4EA00654747 /* nextpageBtn.png */; };
		72D33BBC1A3DA4EA00654747 /* resultBtn.png in Resources */ = {isa = PBXBuildFile; fileRef = 72D33BB61A3DA4EA00654747 /* resultBtn.png */; };
		72D33BBD1A3DA4EA00654747 /* topbacBtn.png in Resources */ = {isa = PBXBuildFile; fileRef = 72D33BB71A3DA4EA00654747 /* topbacBtn.png */; };
		72D33BBE1A3DA4EA00654747 /* wordaddBtn.png in Resources */ = {isa = PBXBuildFile; fileRef = 72D33BB81A3DA4EA00654747 /* wordaddBtn.png */; };
		72D33BBF1A3DA4EA00654747 /* worderaceBtn.png in Resources */ = {isa = PBXBuildFile; fileRef = 72D33BB91A3DA4EA00654747 /* worderaceBtn.png */; };
		72D33BC71A3DCECA00654747 /* categorydesc.png in Resources */ = {isa = PBXBuildFile; fileRef = 72D33BC61A3DCECA00654747 /* categorydesc.png */; };
		72D33BCE1A3DD34800654747 /* categoryLabel.png in Resources */ = {isa = PBXBuildFile; fileRef = 72D33BC91A3DD34700654747 /* categoryLabel.png */; };
		72D33BCF1A3DD34800654747 /* quediscA.png in Resources */ = {isa = PBXBuildFile; fileRef = 72D33BCA1A3DD34800654747 /* quediscA.png */; };
		72D33BD11A3DD34800654747 /* quediscS.png in Resources */ = {isa = PBXBuildFile; fileRef = 72D33BCC1A3DD34800654747 /* quediscS.png */; };
		72D33BD21A3DD34800654747 /* quediscT.png in Resources */ = {isa = PBXBuildFile; fileRef = 72D33BCD1A3DD34800654747 /* quediscT.png */; };
		72D33BD41A3DD4B300654747 /* quediscP.png in Resources */ = {isa = PBXBuildFile; fileRef = 72D33BD31A3DD4B300654747 /* quediscP.png */; };
/* End PBXBuildFile section */

/* Begin PBXContainerItemProxy section */
		72AD41C51A09FD2C00D2DF1D /* PBXContainerItemProxy */ = {
			isa = PBXContainerItemProxy;
			containerPortal = 72AD41A31A09FD2C00D2DF1D /* Project object */;
			proxyType = 1;
			remoteGlobalIDString = 72AD41AA1A09FD2C00D2DF1D;
			remoteInfo = "Appli-3";
		};
/* End PBXContainerItemProxy section */

/* Begin PBXFileReference section */
		7223C78D1A12032500DEF780 /* resultViewController.h */ = {isa = PBXFileReference; fileEncoding = 4; lastKnownFileType = sourcecode.c.h; path = resultViewController.h; sourceTree = "<group>"; };
		7223C78E1A12032500DEF780 /* resultViewController.m */ = {isa = PBXFileReference; fileEncoding = 4; lastKnownFileType = sourcecode.c.objc; path = resultViewController.m; sourceTree = "<group>"; };
		72AD41AB1A09FD2C00D2DF1D /* chocEnglish.app */ = {isa = PBXFileReference; explicitFileType = wrapper.application; includeInIndex = 0; path = chocEnglish.app; sourceTree = BUILT_PRODUCTS_DIR; };
		72AD41B01A09FD2C00D2DF1D /* main.m */ = {isa = PBXFileReference; lastKnownFileType = sourcecode.c.objc; path = main.m; sourceTree = "<group>"; };
		72AD41B21A09FD2C00D2DF1D /* AppDelegate.h */ = {isa = PBXFileReference; lastKnownFileType = sourcecode.c.h; path = AppDelegate.h; sourceTree = "<group>"; };
		72AD41B31A09FD2C00D2DF1D /* AppDelegate.m */ = {isa = PBXFileReference; lastKnownFileType = sourcecode.c.objc; path = AppDelegate.m; sourceTree = "<group>"; };
		72AD41B51A09FD2C00D2DF1D /* ViewController.h */ = {isa = PBXFileReference; lastKnownFileType = sourcecode.c.h; path = ViewController.h; sourceTree = "<group>"; };
		72AD41B61A09FD2C00D2DF1D /* ViewController.m */ = {isa = PBXFileReference; lastKnownFileType = sourcecode.c.objc; path = ViewController.m; sourceTree = "<group>"; };
		72AD41B91A09FD2C00D2DF1D /* Base */ = {isa = PBXFileReference; lastKnownFileType = file.storyboard; name = Base; path = Base.lproj/Main.storyboard; sourceTree = "<group>"; };
		72AD41BB1A09FD2C00D2DF1D /* Images.xcassets */ = {isa = PBXFileReference; lastKnownFileType = folder.assetcatalog; path = Images.xcassets; sourceTree = "<group>"; };
		72AD41BE1A09FD2C00D2DF1D /* Base */ = {isa = PBXFileReference; lastKnownFileType = file.xib; name = Base; path = Base.lproj/LaunchScreen.xib; sourceTree = "<group>"; };
		72AD41C41A09FD2C00D2DF1D /* Appli-3Tests.xctest */ = {isa = PBXFileReference; explicitFileType = wrapper.cfbundle; includeInIndex = 0; path = "Appli-3Tests.xctest"; sourceTree = BUILT_PRODUCTS_DIR; };
		72AD41C91A09FD2C00D2DF1D /* Info.plist */ = {isa = PBXFileReference; lastKnownFileType = text.plist.xml; path = Info.plist; sourceTree = "<group>"; };
		72AD41CA1A09FD2C00D2DF1D /* Appli_3Tests.m */ = {isa = PBXFileReference; lastKnownFileType = sourcecode.c.objc; path = Appli_3Tests.m; sourceTree = "<group>"; };
		72AD41D71A0A5E5100D2DF1D /* menuViewController.h */ = {isa = PBXFileReference; fileEncoding = 4; lastKnownFileType = sourcecode.c.h; path = menuViewController.h; sourceTree = "<group>"; };
		72AD41D81A0A5E5100D2DF1D /* menuViewController.m */ = {isa = PBXFileReference; fileEncoding = 4; lastKnownFileType = sourcecode.c.objc; path = menuViewController.m; sourceTree = "<group>"; };
		72AD420F1A0B418400D2DF1D /* questionViewController.h */ = {isa = PBXFileReference; fileEncoding = 4; lastKnownFileType = sourcecode.c.h; path = questionViewController.h; sourceTree = "<group>"; };
		72AD42101A0B418400D2DF1D /* questionViewController.m */ = {isa = PBXFileReference; fileEncoding = 4; lastKnownFileType = sourcecode.c.objc; path = questionViewController.m; sourceTree = "<group>"; };
		72AD42121A0B449200D2DF1D /* noteViewController.h */ = {isa = PBXFileReference; fileEncoding = 4; lastKnownFileType = sourcecode.c.h; path = noteViewController.h; sourceTree = "<group>"; };
		72AD42131A0B449200D2DF1D /* noteViewController.m */ = {isa = PBXFileReference; fileEncoding = 4; lastKnownFileType = sourcecode.c.objc; path = noteViewController.m; sourceTree = "<group>"; };
		72AD42151A0B4C4B00D2DF1D /* note2ViewController.h */ = {isa = PBXFileReference; fileEncoding = 4; lastKnownFileType = sourcecode.c.h; path = note2ViewController.h; sourceTree = "<group>"; };
		72AD42161A0B4C4B00D2DF1D /* note2ViewController.m */ = {isa = PBXFileReference; fileEncoding = 4; lastKnownFileType = sourcecode.c.objc; path = note2ViewController.m; sourceTree = "<group>"; };
		72AD42181A0B551700D2DF1D /* note3ViewController.h */ = {isa = PBXFileReference; fileEncoding = 4; lastKnownFileType = sourcecode.c.h; path = note3ViewController.h; sourceTree = "<group>"; };
		72AD42191A0B551700D2DF1D /* note3ViewController.m */ = {isa = PBXFileReference; fileEncoding = 4; lastKnownFileType = sourcecode.c.objc; path = note3ViewController.m; sourceTree = "<group>"; };
		72AD421B1A0BC1DA00D2DF1D /* answerViewController.h */ = {isa = PBXFileReference; fileEncoding = 4; lastKnownFileType = sourcecode.c.h; path = answerViewController.h; sourceTree = "<group>"; };
		72AD421C1A0BC1DA00D2DF1D /* answerViewController.m */ = {isa = PBXFileReference; fileEncoding = 4; lastKnownFileType = sourcecode.c.objc; path = answerViewController.m; sourceTree = "<group>"; };
		72B127FA1A3DE9BD00D5090F /* correct.png */ = {isa = PBXFileReference; lastKnownFileType = image.png; name = correct.png; path = ../correct.png; sourceTree = "<group>"; };
		72B127FB1A3DE9BD00D5090F /* incorrect.png */ = {isa = PBXFileReference; lastKnownFileType = image.png; name = incorrect.png; path = ../incorrect.png; sourceTree = "<group>"; };
		72B127FE1A3DED0000D5090F /* kokuban.JPG */ = {isa = PBXFileReference; lastKnownFileType = image.jpeg; name = kokuban.JPG; path = ../kokuban.JPG; sourceTree = "<group>"; };
		72B127FF1A3DED0000D5090F /* categorychoise.png */ = {isa = PBXFileReference; lastKnownFileType = image.png; name = categorychoise.png; path = ../categorychoise.png; sourceTree = "<group>"; };
		72B128001A3DED0000D5090F /* englishexercise.png */ = {isa = PBXFileReference; lastKnownFileType = image.png; name = englishexercise.png; path = ../englishexercise.png; sourceTree = "<group>"; };
		72B128041A3DF33E00D5090F /* kokuban2.JPG */ = {isa = PBXFileReference; lastKnownFileType = image.jpeg; name = kokuban2.JPG; path = ../kokuban2.JPG; sourceTree = "<group>"; };
		72B128061A3DFBD800D5090F /* TableViewCustomCell2.xib */ = {isa = PBXFileReference; fileEncoding = 4; lastKnownFileType = file.xib; path = TableViewCustomCell2.xib; sourceTree = "<group>"; };
		72B128081A3DFC9500D5090F /* CustomTableViewCell2.h */ = {isa = PBXFileReference; fileEncoding = 4; lastKnownFileType = sourcecode.c.h; path = CustomTableViewCell2.h; sourceTree = "<group>"; };
		72B128091A3DFC9500D5090F /* CustomTableViewCell2.m */ = {isa = PBXFileReference; fileEncoding = 4; lastKnownFileType = sourcecode.c.objc; path = CustomTableViewCell2.m; sourceTree = "<group>"; };
		72B1280C1A3E03BC00D5090F /* TableViewCustomCell3.xib */ = {isa = PBXFileReference; fileEncoding = 4; lastKnownFileType = file.xib; path = TableViewCustomCell3.xib; sourceTree = "<group>"; };
		72B1280E1A3E041900D5090F /* CustomTableViewCell3.h */ = {isa = PBXFileReference; fileEncoding = 4; lastKnownFileType = sourcecode.c.h; path = CustomTableViewCell3.h; sourceTree = "<group>"; };
		72B1280F1A3E041900D5090F /* CustomTableViewCell3.m */ = {isa = PBXFileReference; fileEncoding = 4; lastKnownFileType = sourcecode.c.objc; path = CustomTableViewCell3.m; sourceTree = "<group>"; };
		72B128111A3E133500D5090F /* queLabel.png */ = {isa = PBXFileReference; lastKnownFileType = image.png; name = queLabel.png; path = ../queLabel.png; sourceTree = "<group>"; };
		72B128131A3E1E4B00D5090F /* quechoise.png */ = {isa = PBXFileReference; lastKnownFileType = image.png; name = quechoise.png; path = ../quechoise.png; sourceTree = "<group>"; };
		72B1281A1A3E37AC00D5090F /* 1correct.png */ = {isa = PBXFileReference; lastKnownFileType = image.png; path = 1correct.png; sourceTree = "<group>"; };
		72B1281B1A3E37AC00D5090F /* 2correct.png */ = {isa = PBXFileReference; lastKnownFileType = image.png; path = 2correct.png; sourceTree = "<group>"; };
		72B1281C1A3E37AC00D5090F /* 3correct.png */ = {isa = PBXFileReference; lastKnownFileType = image.png; path = 3correct.png; sourceTree = "<group>"; };
		72B1281D1A3E37AC00D5090F /* 4correct.png */ = {isa = PBXFileReference; lastKnownFileType = image.png; path = 4correct.png; sourceTree = "<group>"; };
		72B1281E1A3E37AC00D5090F /* 5correct.png */ = {isa = PBXFileReference; lastKnownFileType = image.png; path = 5correct.png; sourceTree = "<group>"; };
		72B1281F1A3E37AC00D5090F /* 6correct.png */ = {isa = PBXFileReference; lastKnownFileType = image.png; path = 6correct.png; sourceTree = "<group>"; };
		72B128201A3E37AC00D5090F /* 7correct.png */ = {isa = PBXFileReference; lastKnownFileType = image.png; path = 7correct.png; sourceTree = "<group>"; };
		72B128211A3E37AC00D5090F /* 8correct.png */ = {isa = PBXFileReference; lastKnownFileType = image.png; path = 8correct.png; sourceTree = "<group>"; };
		72B128221A3E37AC00D5090F /* 9correct.png */ = {isa = PBXFileReference; lastKnownFileType = image.png; path = 9correct.png; sourceTree = "<group>"; };
		72B1282E1A3E780100D5090F /* 0correct.png */ = {isa = PBXFileReference; lastKnownFileType = image.png; name = 0correct.png; path = ../0correct.png; sourceTree = "<group>"; };
		72B1282F1A3E780100D5090F /* 10correct.png */ = {isa = PBXFileReference; lastKnownFileType = image.png; name = 10correct.png; path = ../10correct.png; sourceTree = "<group>"; };
		72D33B811A39E47800654747 /* QuizList.plist */ = {isa = PBXFileReference; fileEncoding = 4; lastKnownFileType = text.plist.xml; name = QuizList.plist; path = ../../../../Desktop/QuizList.plist; sourceTree = "<group>"; };
		72D33B941A3A735400654747 /* TableViewCustomCell.xib */ = {isa = PBXFileReference; fileEncoding = 4; lastKnownFileType = file.xib; path = TableViewCustomCell.xib; sourceTree = "<group>"; };
		72D33B971A3A742F00654747 /* CustomTableViewCell.h */ = {isa = PBXFileReference; fileEncoding = 4; lastKnownFileType = sourcecode.c.h; path = CustomTableViewCell.h; sourceTree = "<group>"; };
		72D33B981A3A742F00654747 /* CustomTableViewCell.m */ = {isa = PBXFileReference; fileEncoding = 4; lastKnownFileType = sourcecode.c.objc; path = CustomTableViewCell.m; sourceTree = "<group>"; };
		72D33B9C1A3ABECE00654747 /* Info.plist */ = {isa = PBXFileReference; fileEncoding = 4; lastKnownFileType = text.plist.xml; path = Info.plist; sourceTree = "<group>"; };
		72D33BA11A3C64B500654747 /* Antonym.png */ = {isa = PBXFileReference; lastKnownFileType = image.png; path = Antonym.png; sourceTree = "<group>"; };
		72D33BA21A3C64B500654747 /* PhrasalVerb.png */ = {isa = PBXFileReference; lastKnownFileType = image.png; path = PhrasalVerb.png; sourceTree = "<group>"; };
		72D33BA31A3C64B500654747 /* Synonym.png */ = {isa = PBXFileReference; lastKnownFileType = image.png; path = Synonym.png; sourceTree = "<group>"; };
		72D33BA41A3C64B500654747 /* TwoMeaning.png */ = {isa = PBXFileReference; lastKnownFileType = image.png; path = TwoMeaning.png; sourceTree = "<group>"; };
		72D33BAD1A3D992400654747 /* startBtn.png */ = {isa = PBXFileReference; lastKnownFileType = image.png; name = startBtn.png; path = ../startBtn.png; sourceTree = "<group>"; };
		72D33BB11A3D9B4F00654747 /* wordnoteBtn.png */ = {isa = PBXFileReference; lastKnownFileType = image.png; name = wordnoteBtn.png; path = ../wordnoteBtn.png; sourceTree = "<group>"; };
		72D33BB41A3DA4EA00654747 /* menubackBtn.png */ = {isa = PBXFileReference; lastKnownFileType = image.png; path = menubackBtn.png; sourceTree = "<group>"; };
		72D33BB51A3DA4EA00654747 /* nextpageBtn.png */ = {isa = PBXFileReference; lastKnownFileType = image.png; path = nextpageBtn.png; sourceTree = "<group>"; };
		72D33BB61A3DA4EA00654747 /* resultBtn.png */ = {isa = PBXFileReference; lastKnownFileType = image.png; path = resultBtn.png; sourceTree = "<group>"; };
		72D33BB71A3DA4EA00654747 /* topbacBtn.png */ = {isa = PBXFileReference; lastKnownFileType = image.png; path = topbacBtn.png; sourceTree = "<group>"; };
		72D33BB81A3DA4EA00654747 /* wordaddBtn.png */ = {isa = PBXFileReference; lastKnownFileType = image.png; path = wordaddBtn.png; sourceTree = "<group>"; };
		72D33BB91A3DA4EA00654747 /* worderaceBtn.png */ = {isa = PBXFileReference; lastKnownFileType = image.png; path = worderaceBtn.png; sourceTree = "<group>"; };
		72D33BC61A3DCECA00654747 /* categorydesc.png */ = {isa = PBXFileReference; lastKnownFileType = image.png; name = categorydesc.png; path = ../categorydesc.png; sourceTree = "<group>"; };
		72D33BC91A3DD34700654747 /* categoryLabel.png */ = {isa = PBXFileReference; lastKnownFileType = image.png; path = categoryLabel.png; sourceTree = "<group>"; };
		72D33BCA1A3DD34800654747 /* quediscA.png */ = {isa = PBXFileReference; lastKnownFileType = image.png; path = quediscA.png; sourceTree = "<group>"; };
		72D33BCC1A3DD34800654747 /* quediscS.png */ = {isa = PBXFileReference; lastKnownFileType = image.png; path = quediscS.png; sourceTree = "<group>"; };
		72D33BCD1A3DD34800654747 /* quediscT.png */ = {isa = PBXFileReference; lastKnownFileType = image.png; path = quediscT.png; sourceTree = "<group>"; };
		72D33BD31A3DD4B300654747 /* quediscP.png */ = {isa = PBXFileReference; lastKnownFileType = image.png; path = quediscP.png; sourceTree = "<group>"; };
/* End PBXFileReference section */

/* Begin PBXFrameworksBuildPhase section */
		72AD41A81A09FD2C00D2DF1D /* Frameworks */ = {
			isa = PBXFrameworksBuildPhase;
			buildActionMask = 2147483647;
			files = (
			);
			runOnlyForDeploymentPostprocessing = 0;
		};
		72AD41C11A09FD2C00D2DF1D /* Frameworks */ = {
			isa = PBXFrameworksBuildPhase;
			buildActionMask = 2147483647;
			files = (
			);
			runOnlyForDeploymentPostprocessing = 0;
		};
/* End PBXFrameworksBuildPhase section */

/* Begin PBXGroup section */
		72ABD1071A271D9000D9953E /* question-answer */ = {
			isa = PBXGroup;
			children = (
				72B128061A3DFBD800D5090F /* TableViewCustomCell2.xib */,
				72B128081A3DFC9500D5090F /* CustomTableViewCell2.h */,
				72B128091A3DFC9500D5090F /* CustomTableViewCell2.m */,
				72AD420F1A0B418400D2DF1D /* questionViewController.h */,
				72AD42101A0B418400D2DF1D /* questionViewController.m */,
				72AD421B1A0BC1DA00D2DF1D /* answerViewController.h */,
				72AD421C1A0BC1DA00D2DF1D /* answerViewController.m */,
				7223C78D1A12032500DEF780 /* resultViewController.h */,
				7223C78E1A12032500DEF780 /* resultViewController.m */,
			);
			name = "question-answer";
			sourceTree = "<group>";
		};
		72ABD1081A271DBE00D9953E /* wordNote */ = {
			isa = PBXGroup;
			children = (
				72AD42121A0B449200D2DF1D /* noteViewController.h */,
				72AD42131A0B449200D2DF1D /* noteViewController.m */,
				72AD42151A0B4C4B00D2DF1D /* note2ViewController.h */,
				72AD42161A0B4C4B00D2DF1D /* note2ViewController.m */,
				72AD42181A0B551700D2DF1D /* note3ViewController.h */,
				72AD42191A0B551700D2DF1D /* note3ViewController.m */,
				72B1280C1A3E03BC00D5090F /* TableViewCustomCell3.xib */,
				72B1280E1A3E041900D5090F /* CustomTableViewCell3.h */,
				72B1280F1A3E041900D5090F /* CustomTableViewCell3.m */,
			);
			name = wordNote;
			sourceTree = "<group>";
		};
		72AD41A21A09FD2C00D2DF1D = {
			isa = PBXGroup;
			children = (
				72AD41AD1A09FD2C00D2DF1D /* Appli-3 */,
				72AD41C71A09FD2C00D2DF1D /* Appli-3Tests */,
				72AD41AC1A09FD2C00D2DF1D /* Products */,
			);
			sourceTree = "<group>";
		};
		72AD41AC1A09FD2C00D2DF1D /* Products */ = {
			isa = PBXGroup;
			children = (
				72AD41AB1A09FD2C00D2DF1D /* chocEnglish.app */,
				72AD41C41A09FD2C00D2DF1D /* Appli-3Tests.xctest */,
			);
			name = Products;
			sourceTree = "<group>";
		};
		72AD41AD1A09FD2C00D2DF1D /* Appli-3 */ = {
			isa = PBXGroup;
			children = (
				72AD41B21A09FD2C00D2DF1D /* AppDelegate.h */,
				72AD41B31A09FD2C00D2DF1D /* AppDelegate.m */,
				72AD41B51A09FD2C00D2DF1D /* ViewController.h */,
				72AD41B61A09FD2C00D2DF1D /* ViewController.m */,
				72D33B941A3A735400654747 /* TableViewCustomCell.xib */,
				72D33B971A3A742F00654747 /* CustomTableViewCell.h */,
				72D33B981A3A742F00654747 /* CustomTableViewCell.m */,
				72AD41D71A0A5E5100D2DF1D /* menuViewController.h */,
				72AD41D81A0A5E5100D2DF1D /* menuViewController.m */,
				72ABD1071A271D9000D9953E /* question-answer */,
				72ABD1081A271DBE00D9953E /* wordNote */,
				72AD41B81A09FD2C00D2DF1D /* Main.storyboard */,
				72AD41BB1A09FD2C00D2DF1D /* Images.xcassets */,
				72AD41BD1A09FD2C00D2DF1D /* LaunchScreen.xib */,
				72AD41AE1A09FD2C00D2DF1D /* Supporting Files */,
			);
			path = "Appli-3";
			sourceTree = "<group>";
		};
		72AD41AE1A09FD2C00D2DF1D /* Supporting Files */ = {
			isa = PBXGroup;
			children = (
				72B128171A3E37AC00D5090F /* resultimage */,
				72D33BC81A3DD34700654747 /* categoryexplainimages */,
				72D33BB31A3DA4EA00654747 /* BtnPartsimages */,
				72D33BA01A3C64B500654747 /* categoryimage */,
				72D33B9C1A3ABECE00654747 /* Info.plist */,
				72D33B811A39E47800654747 /* QuizList.plist */,
				72AD41B01A09FD2C00D2DF1D /* main.m */,
			);
			name = "Supporting Files";
			sourceTree = "<group>";
		};
		72AD41C71A09FD2C00D2DF1D /* Appli-3Tests */ = {
			isa = PBXGroup;
			children = (
				72AD41CA1A09FD2C00D2DF1D /* Appli_3Tests.m */,
				72AD41C81A09FD2C00D2DF1D /* Supporting Files */,
			);
			path = "Appli-3Tests";
			sourceTree = "<group>";
		};
		72AD41C81A09FD2C00D2DF1D /* Supporting Files */ = {
			isa = PBXGroup;
			children = (
				72AD41C91A09FD2C00D2DF1D /* Info.plist */,
			);
			name = "Supporting Files";
			sourceTree = "<group>";
		};
		72B128171A3E37AC00D5090F /* resultimage */ = {
			isa = PBXGroup;
			children = (
				72B1282E1A3E780100D5090F /* 0correct.png */,
				72B1281A1A3E37AC00D5090F /* 1correct.png */,
				72B1281B1A3E37AC00D5090F /* 2correct.png */,
				72B1281C1A3E37AC00D5090F /* 3correct.png */,
				72B1281D1A3E37AC00D5090F /* 4correct.png */,
				72B1281E1A3E37AC00D5090F /* 5correct.png */,
				72B1281F1A3E37AC00D5090F /* 6correct.png */,
				72B128201A3E37AC00D5090F /* 7correct.png */,
				72B128211A3E37AC00D5090F /* 8correct.png */,
				72B128221A3E37AC00D5090F /* 9correct.png */,
				72B1282F1A3E780100D5090F /* 10correct.png */,
				72B128371A3EB78B00D5090F /* images */,
			);
			path = resultimage;
			sourceTree = "<group>";
		};
		72B128371A3EB78B00D5090F /* images */ = {
			isa = PBXGroup;
			children = (
				72B128131A3E1E4B00D5090F /* quechoise.png */,
				72B128111A3E133500D5090F /* queLabel.png */,
				72B128041A3DF33E00D5090F /* kokuban2.JPG */,
				72B127FE1A3DED0000D5090F /* kokuban.JPG */,
				72B127FF1A3DED0000D5090F /* categorychoise.png */,
				72B128001A3DED0000D5090F /* englishexercise.png */,
				72B127FA1A3DE9BD00D5090F /* correct.png */,
				72B127FB1A3DE9BD00D5090F /* incorrect.png */,
			);
			name = images;
			sourceTree = "<group>";
		};
		72D33BA01A3C64B500654747 /* categoryimage */ = {
			isa = PBXGroup;
			children = (
				72D33BA11A3C64B500654747 /* Antonym.png */,
				72D33BA21A3C64B500654747 /* PhrasalVerb.png */,
				72D33BA31A3C64B500654747 /* Synonym.png */,
				72D33BA41A3C64B500654747 /* TwoMeaning.png */,
			);
			path = categoryimage;
			sourceTree = "<group>";
		};
		72D33BB31A3DA4EA00654747 /* BtnPartsimages */ = {
			isa = PBXGroup;
			children = (
				72D33BB11A3D9B4F00654747 /* wordnoteBtn.png */,
				72D33BB41A3DA4EA00654747 /* menubackBtn.png */,
				72D33BB51A3DA4EA00654747 /* nextpageBtn.png */,
				72D33BB61A3DA4EA00654747 /* resultBtn.png */,
				72D33BB71A3DA4EA00654747 /* topbacBtn.png */,
				72D33BB81A3DA4EA00654747 /* wordaddBtn.png */,
				72D33BB91A3DA4EA00654747 /* worderaceBtn.png */,
				72D33BAD1A3D992400654747 /* startBtn.png */,
			);
			name = BtnPartsimages;
			path = BtnParts;
			sourceTree = "<group>";
		};
		72D33BC81A3DD34700654747 /* categoryexplainimages */ = {
			isa = PBXGroup;
			children = (
				72D33BC61A3DCECA00654747 /* categorydesc.png */,
				72D33BD31A3DD4B300654747 /* quediscP.png */,
				72D33BC91A3DD34700654747 /* categoryLabel.png */,
				72D33BCA1A3DD34800654747 /* quediscA.png */,
				72D33BCC1A3DD34800654747 /* quediscS.png */,
				72D33BCD1A3DD34800654747 /* quediscT.png */,
			);
			name = categoryexplainimages;
			path = categoryexplain;
			sourceTree = "<group>";
		};
/* End PBXGroup section */

/* Begin PBXNativeTarget section */
		72AD41AA1A09FD2C00D2DF1D /* Appli-3 */ = {
			isa = PBXNativeTarget;
			buildConfigurationList = 72AD41CE1A09FD2C00D2DF1D /* Build configuration list for PBXNativeTarget "Appli-3" */;
			buildPhases = (
				72AD41A71A09FD2C00D2DF1D /* Sources */,
				72AD41A81A09FD2C00D2DF1D /* Frameworks */,
				72AD41A91A09FD2C00D2DF1D /* Resources */,
			);
			buildRules = (
			);
			dependencies = (
			);
			name = "Appli-3";
			productName = "Appli-3";
			productReference = 72AD41AB1A09FD2C00D2DF1D /* chocEnglish.app */;
			productType = "com.apple.product-type.application";
		};
		72AD41C31A09FD2C00D2DF1D /* Appli-3Tests */ = {
			isa = PBXNativeTarget;
			buildConfigurationList = 72AD41D11A09FD2C00D2DF1D /* Build configuration list for PBXNativeTarget "Appli-3Tests" */;
			buildPhases = (
				72AD41C01A09FD2C00D2DF1D /* Sources */,
				72AD41C11A09FD2C00D2DF1D /* Frameworks */,
				72AD41C21A09FD2C00D2DF1D /* Resources */,
			);
			buildRules = (
			);
			dependencies = (
				72AD41C61A09FD2C00D2DF1D /* PBXTargetDependency */,
			);
			name = "Appli-3Tests";
			productName = "Appli-3Tests";
			productReference = 72AD41C41A09FD2C00D2DF1D /* Appli-3Tests.xctest */;
			productType = "com.apple.product-type.bundle.unit-test";
		};
/* End PBXNativeTarget section */

/* Begin PBXProject section */
		72AD41A31A09FD2C00D2DF1D /* Project object */ = {
			isa = PBXProject;
			attributes = {
				LastUpgradeCheck = 0610;
				ORGANIZATIONNAME = keikomotomura;
				TargetAttributes = {
					72AD41AA1A09FD2C00D2DF1D = {
						CreatedOnToolsVersion = 6.1;
					};
					72AD41C31A09FD2C00D2DF1D = {
						CreatedOnToolsVersion = 6.1;
						TestTargetID = 72AD41AA1A09FD2C00D2DF1D;
					};
				};
			};
			buildConfigurationList = 72AD41A61A09FD2C00D2DF1D /* Build configuration list for PBXProject "Appli-3" */;
			compatibilityVersion = "Xcode 3.2";
			developmentRegion = English;
			hasScannedForEncodings = 0;
			knownRegions = (
				en,
				Base,
			);
			mainGroup = 72AD41A21A09FD2C00D2DF1D;
			productRefGroup = 72AD41AC1A09FD2C00D2DF1D /* Products */;
			projectDirPath = "";
			projectRoot = "";
			targets = (
				72AD41AA1A09FD2C00D2DF1D /* Appli-3 */,
				72AD41C31A09FD2C00D2DF1D /* Appli-3Tests */,
			);
		};
/* End PBXProject section */

/* Begin PBXResourcesBuildPhase section */
		72AD41A91A09FD2C00D2DF1D /* Resources */ = {
			isa = PBXResourcesBuildPhase;
			buildActionMask = 2147483647;
			files = (
				72D33BC71A3DCECA00654747 /* categorydesc.png in Resources */,
				72D33BA61A3C64B500654747 /* PhrasalVerb.png in Resources */,
				72D33BBB1A3DA4EA00654747 /* nextpageBtn.png in Resources */,
				72B128281A3E37AC00D5090F /* 4correct.png in Resources */,
				72B128011A3DED0000D5090F /* kokuban.JPG in Resources */,
				72D33B821A39E47800654747 /* QuizList.plist in Resources */,
				72D33BBA1A3DA4EA00654747 /* menubackBtn.png in Resources */,
				72B127FD1A3DE9BD00D5090F /* incorrect.png in Resources */,
				72D33BA51A3C64B500654747 /* Antonym.png in Resources */,
				72B128291A3E37AC00D5090F /* 5correct.png in Resources */,
				72B128031A3DED0000D5090F /* englishexercise.png in Resources */,
				72D33BA71A3C64B500654747 /* Synonym.png in Resources */,
				72B128121A3E133500D5090F /* queLabel.png in Resources */,
				72B128271A3E37AC00D5090F /* 3correct.png in Resources */,
				72B1282C1A3E37AC00D5090F /* 8correct.png in Resources */,
				72B1282A1A3E37AC00D5090F /* 6correct.png in Resources */,
				72D33BBC1A3DA4EA00654747 /* resultBtn.png in Resources */,
				72AD41BA1A09FD2C00D2DF1D /* Main.storyboard in Resources */,
				72B128021A3DED0000D5090F /* categorychoise.png in Resources */,
				72B128141A3E1E4B00D5090F /* quechoise.png in Resources */,
				72B128301A3E780100D5090F /* 0correct.png in Resources */,
				72D33BCF1A3DD34800654747 /* quediscA.png in Resources */,
				72AD41BF1A09FD2C00D2DF1D /* LaunchScreen.xib in Resources */,
				72D33BBF1A3DA4EA00654747 /* worderaceBtn.png in Resources */,
				72B128051A3DF33E00D5090F /* kokuban2.JPG in Resources */,
				72B1282B1A3E37AC00D5090F /* 7correct.png in Resources */,
				72D33B9D1A3ABECE00654747 /* Info.plist in Resources */,
				72AD41BC1A09FD2C00D2DF1D /* Images.xcassets in Resources */,
				72B1282D1A3E37AC00D5090F /* 9correct.png in Resources */,
				72D33BD11A3DD34800654747 /* quediscS.png in Resources */,
				72B128261A3E37AC00D5090F /* 2correct.png in Resources */,
				72B1280D1A3E03BC00D5090F /* TableViewCustomCell3.xib in Resources */,
				72D33BAE1A3D992400654747 /* startBtn.png in Resources */,
				72B128311A3E780100D5090F /* 10correct.png in Resources */,
				72B128251A3E37AC00D5090F /* 1correct.png in Resources */,
				72D33BBE1A3DA4EA00654747 /* wordaddBtn.png in Resources */,
				72B128071A3DFBD800D5090F /* TableViewCustomCell2.xib in Resources */,
				72D33BBD1A3DA4EA00654747 /* topbacBtn.png in Resources */,
				72B127FC1A3DE9BD00D5090F /* correct.png in Resources */,
				72D33BD41A3DD4B300654747 /* quediscP.png in Resources */,
				72D33BD21A3DD34800654747 /* quediscT.png in Resources */,
				72D33B951A3A735400654747 /* TableViewCustomCell.xib in Resources */,
				72D33BCE1A3DD34800654747 /* categoryLabel.png in Resources */,
				72D33BB21A3D9B4F00654747 /* wordnoteBtn.png in Resources */,
				72D33BA81A3C64B500654747 /* TwoMeaning.png in Resources */,
			);
			runOnlyForDeploymentPostprocessing = 0;
		};
		72AD41C21A09FD2C00D2DF1D /* Resources */ = {
			isa = PBXResourcesBuildPhase;
			buildActionMask = 2147483647;
			files = (
			);
			runOnlyForDeploymentPostprocessing = 0;
		};
/* End PBXResourcesBuildPhase section */

/* Begin PBXSourcesBuildPhase section */
		72AD41A71A09FD2C00D2DF1D /* Sources */ = {
			isa = PBXSourcesBuildPhase;
			buildActionMask = 2147483647;
			files = (
				72AD421A1A0B551700D2DF1D /* note3ViewController.m in Sources */,
				72AD41B71A09FD2C00D2DF1D /* ViewController.m in Sources */,
				72AD41B41A09FD2C00D2DF1D /* AppDelegate.m in Sources */,
				72AD41B11A09FD2C00D2DF1D /* main.m in Sources */,
				72B128101A3E041900D5090F /* CustomTableViewCell3.m in Sources */,
				72AD421D1A0BC1DA00D2DF1D /* answerViewController.m in Sources */,
				72B1280A1A3DFC9500D5090F /* CustomTableViewCell2.m in Sources */,
				72D33B991A3A742F00654747 /* CustomTableViewCell.m in Sources */,
				72AD41D91A0A5E5100D2DF1D /* menuViewController.m in Sources */,
				72AD42141A0B449200D2DF1D /* noteViewController.m in Sources */,
				7223C78F1A12032500DEF780 /* resultViewController.m in Sources */,
				72AD42111A0B418400D2DF1D /* questionViewController.m in Sources */,
				72AD42171A0B4C4B00D2DF1D /* note2ViewController.m in Sources */,
			);
			runOnlyForDeploymentPostprocessing = 0;
		};
		72AD41C01A09FD2C00D2DF1D /* Sources */ = {
			isa = PBXSourcesBuildPhase;
			buildActionMask = 2147483647;
			files = (
				72AD41CB1A09FD2C00D2DF1D /* Appli_3Tests.m in Sources */,
			);
			runOnlyForDeploymentPostprocessing = 0;
		};
/* End PBXSourcesBuildPhase section */

/* Begin PBXTargetDependency section */
		72AD41C61A09FD2C00D2DF1D /* PBXTargetDependency */ = {
			isa = PBXTargetDependency;
			target = 72AD41AA1A09FD2C00D2DF1D /* Appli-3 */;
			targetProxy = 72AD41C51A09FD2C00D2DF1D /* PBXContainerItemProxy */;
		};
/* End PBXTargetDependency section */

/* Begin PBXVariantGroup section */
		72AD41B81A09FD2C00D2DF1D /* Main.storyboard */ = {
			isa = PBXVariantGroup;
			children = (
				72AD41B91A09FD2C00D2DF1D /* Base */,
			);
			name = Main.storyboard;
			sourceTree = "<group>";
		};
		72AD41BD1A09FD2C00D2DF1D /* LaunchScreen.xib */ = {
			isa = PBXVariantGroup;
			children = (
				72AD41BE1A09FD2C00D2DF1D /* Base */,
			);
			name = LaunchScreen.xib;
			sourceTree = "<group>";
		};
/* End PBXVariantGroup section */

/* Begin XCBuildConfiguration section */
		72AD41CC1A09FD2C00D2DF1D /* Debug */ = {
			isa = XCBuildConfiguration;
			buildSettings = {
				ALWAYS_SEARCH_USER_PATHS = NO;
				CLANG_CXX_LANGUAGE_STANDARD = "gnu++0x";
				CLANG_CXX_LIBRARY = "libc++";
				CLANG_ENABLE_MODULES = YES;
				CLANG_ENABLE_OBJC_ARC = YES;
				CLANG_WARN_BOOL_CONVERSION = YES;
				CLANG_WARN_CONSTANT_CONVERSION = YES;
				CLANG_WARN_DIRECT_OBJC_ISA_USAGE = YES_ERROR;
				CLANG_WARN_EMPTY_BODY = YES;
				CLANG_WARN_ENUM_CONVERSION = YES;
				CLANG_WARN_INT_CONVERSION = YES;
				CLANG_WARN_OBJC_ROOT_CLASS = YES_ERROR;
				CLANG_WARN_UNREACHABLE_CODE = YES;
				CLANG_WARN__DUPLICATE_METHOD_MATCH = YES;
				"CODE_SIGN_IDENTITY[sdk=iphoneos*]" = "iPhone Developer";
				COPY_PHASE_STRIP = NO;
				ENABLE_STRICT_OBJC_MSGSEND = YES;
				GCC_C_LANGUAGE_STANDARD = gnu99;
				GCC_DYNAMIC_NO_PIC = NO;
				GCC_OPTIMIZATION_LEVEL = 0;
				GCC_PREPROCESSOR_DEFINITIONS = (
					"DEBUG=1",
					"$(inherited)",
				);
				GCC_SYMBOLS_PRIVATE_EXTERN = NO;
				GCC_WARN_64_TO_32_BIT_CONVERSION = YES;
				GCC_WARN_ABOUT_RETURN_TYPE = YES_ERROR;
				GCC_WARN_UNDECLARED_SELECTOR = YES;
				GCC_WARN_UNINITIALIZED_AUTOS = YES_AGGRESSIVE;
				GCC_WARN_UNUSED_FUNCTION = YES;
				GCC_WARN_UNUSED_VARIABLE = YES;
				IPHONEOS_DEPLOYMENT_TARGET = 8.1;
				MTL_ENABLE_DEBUG_INFO = YES;
				ONLY_ACTIVE_ARCH = YES;
				SDKROOT = iphoneos;
			};
			name = Debug;
		};
		72AD41CD1A09FD2C00D2DF1D /* Release */ = {
			isa = XCBuildConfiguration;
			buildSettings = {
				ALWAYS_SEARCH_USER_PATHS = NO;
				CLANG_CXX_LANGUAGE_STANDARD = "gnu++0x";
				CLANG_CXX_LIBRARY = "libc++";
				CLANG_ENABLE_MODULES = YES;
				CLANG_ENABLE_OBJC_ARC = YES;
				CLANG_WARN_BOOL_CONVERSION = YES;
				CLANG_WARN_CONSTANT_CONVERSION = YES;
				CLANG_WARN_DIRECT_OBJC_ISA_USAGE = YES_ERROR;
				CLANG_WARN_EMPTY_BODY = YES;
				CLANG_WARN_ENUM_CONVERSION = YES;
				CLANG_WARN_INT_CONVERSION = YES;
				CLANG_WARN_OBJC_ROOT_CLASS = YES_ERROR;
				CLANG_WARN_UNREACHABLE_CODE = YES;
				CLANG_WARN__DUPLICATE_METHOD_MATCH = YES;
				"CODE_SIGN_IDENTITY[sdk=iphoneos*]" = "iPhone Developer";
				COPY_PHASE_STRIP = YES;
				ENABLE_NS_ASSERTIONS = NO;
				ENABLE_STRICT_OBJC_MSGSEND = YES;
				GCC_C_LANGUAGE_STANDARD = gnu99;
				GCC_WARN_64_TO_32_BIT_CONVERSION = YES;
				GCC_WARN_ABOUT_RETURN_TYPE = YES_ERROR;
				GCC_WARN_UNDECLARED_SELECTOR = YES;
				GCC_WARN_UNINITIALIZED_AUTOS = YES_AGGRESSIVE;
				GCC_WARN_UNUSED_FUNCTION = YES;
				GCC_WARN_UNUSED_VARIABLE = YES;
				IPHONEOS_DEPLOYMENT_TARGET = 8.1;
				MTL_ENABLE_DEBUG_INFO = NO;
				SDKROOT = iphoneos;
				VALIDATE_PRODUCT = YES;
			};
			name = Release;
		};
		72AD41CF1A09FD2C00D2DF1D /* Debug */ = {
			isa = XCBuildConfiguration;
			buildSettings = {
				ASSETCATALOG_COMPILER_APPICON_NAME = AppIcon;
				INFOPLIST_FILE = "Appli-3/Info.plist";
				IPHONEOS_DEPLOYMENT_TARGET = 8.0;
				LD_RUNPATH_SEARCH_PATHS = "$(inherited) @executable_path/Frameworks";
				PRODUCT_NAME = chocEnglish;
				TARGETED_DEVICE_FAMILY = 1;
			};
			name = Debug;
		};
		72AD41D01A09FD2C00D2DF1D /* Release */ = {
			isa = XCBuildConfiguration;
			buildSettings = {
				ASSETCATALOG_COMPILER_APPICON_NAME = AppIcon;
				INFOPLIST_FILE = "Appli-3/Info.plist";
				IPHONEOS_DEPLOYMENT_TARGET = 8.0;
				LD_RUNPATH_SEARCH_PATHS = "$(inherited) @executable_path/Frameworks";
				PRODUCT_NAME = chocEnglish;
				TARGETED_DEVICE_FAMILY = 1;
			};
			name = Release;
		};
		72AD41D21A09FD2C00D2DF1D /* Debug */ = {
			isa = XCBuildConfiguration;
			buildSettings = {
				BUNDLE_LOADER = "$(TEST_HOST)";
				FRAMEWORK_SEARCH_PATHS = (
					"$(SDKROOT)/Developer/Library/Frameworks",
					"$(inherited)",
				);
				GCC_PREPROCESSOR_DEFINITIONS = (
					"DEBUG=1",
					"$(inherited)",
				);
				INFOPLIST_FILE = "Appli-3Tests/Info.plist";
				LD_RUNPATH_SEARCH_PATHS = "$(inherited) @executable_path/Frameworks @loader_path/Frameworks";
				PRODUCT_NAME = "$(TARGET_NAME)";
				TEST_HOST = "$(BUILT_PRODUCTS_DIR)/Appli-3.app/Appli-3";
			};
			name = Debug;
		};
		72AD41D31A09FD2C00D2DF1D /* Release */ = {
			isa = XCBuildConfiguration;
			buildSettings = {
				BUNDLE_LOADER = "$(TEST_HOST)";
				FRAMEWORK_SEARCH_PATHS = (
					"$(SDKROOT)/Developer/Library/Frameworks",
					"$(inherited)",
				);
				INFOPLIST_FILE = "Appli-3Tests/Info.plist";
				LD_RUNPATH_SEARCH_PATHS = "$(inherited) @executable_path/Frameworks @loader_path/Frameworks";
				PRODUCT_NAME = "$(TARGET_NAME)";
				TEST_HOST = "$(BUILT_PRODUCTS_DIR)/Appli-3.app/Appli-3";
			};
			name = Release;
		};
/* End XCBuildConfiguration section */

/* Begin XCConfigurationList section */
		72AD41A61A09FD2C00D2DF1D /* Build configuration list for PBXProject "Appli-3" */ = {
			isa = XCConfigurationList;
			buildConfigurations = (
				72AD41CC1A09FD2C00D2DF1D /* Debug */,
				72AD41CD1A09FD2C00D2DF1D /* Release */,
			);
			defaultConfigurationIsVisible = 0;
			defaultConfigurationName = Release;
		};
		72AD41CE1A09FD2C00D2DF1D /* Build configuration list for PBXNativeTarget "Appli-3" */ = {
			isa = XCConfigurationList;
			buildConfigurations = (
				72AD41CF1A09FD2C00D2DF1D /* Debug */,
				72AD41D01A09FD2C00D2DF1D /* Release */,
			);
			defaultConfigurationIsVisible = 0;
			defaultConfigurationName = Release;
		};
		72AD41D11A09FD2C00D2DF1D /* Build configuration list for PBXNativeTarget "Appli-3Tests" */ = {
			isa = XCConfigurationList;
			buildConfigurations = (
				72AD41D21A09FD2C00D2DF1D /* Debug */,
				72AD41D31A09FD2C00D2DF1D /* Release */,
			);
			defaultConfigurationIsVisible = 0;
			defaultConfigurationName = Release;
		};
/* End XCConfigurationList section */
	};
	rootObject = 72AD41A31A09FD2C00D2DF1D /* Project object */;
}
